
Microsoft Visual Studio Solution File, Format Version 12.00
# Visual Studio Version 17
VisualStudioVersion = 17.4.33213.308
MinimumVisualStudioVersion = 10.0.40219.1
Project("{FAE04EC0-301F-11D3-BF4B-00C04F79EFBC}") = "RecursivePowerCalculator", "RecursivePowerCalculator\RecursivePowerCalculator.csproj", "{99ABD127-9BA6-48C4-AB6D-E12043AD3665}"
EndProject
Project("{FAE04EC0-301F-11D3-BF4B-00C04F79EFBC}") = "RemoveStringSpaces", "RemoveStringSpaces\RemoveStringSpaces.csproj", "{8AA9B517-637A-4080-A919-968A42F94E9F}"
EndProject
Global
	GlobalSection(SolutionConfigurationPlatforms) = preSolution
		Debug|Any CPU = Debug|Any CPU
		Release|Any CPU = Release|Any CPU
	EndGlobalSection
	GlobalSection(ProjectConfigurationPlatforms) = postSolution
		{99ABD127-9BA6-48C4-AB6D-E12043AD3665}.Debug|Any CPU.ActiveCfg = Debug|Any CPU
		{99ABD127-9BA6-48C4-AB6D-E12043AD3665}.Debug|Any CPU.Build.0 = Debug|Any CPU
		{99ABD127-9BA6-48C4-AB6D-E12043AD3665}.Release|Any CPU.ActiveCfg = Release|Any CPU
		{99ABD127-9BA6-48C4-AB6D-E12043AD3665}.Release|Any CPU.Build.0 = Release|Any CPU
		{8AA9B517-637A-4080-A919-968A42F94E9F}.Debug|Any CPU.ActiveCfg = Debug|Any CPU
		{8AA9B517-637A-4080-A919-968A42F94E9F}.Debug|Any CPU.Build.0 = Debug|Any CPU
		{8AA9B517-637A-4080-A919-968A42F94E9F}.Release|Any CPU.ActiveCfg = Release|Any CPU
		{8AA9B517-637A-4080-A919-968A42F94E9F}.Release|Any CPU.Build.0 = Release|Any CPU
	EndGlobalSection
	GlobalSection(SolutionProperties) = preSolution
		HideSolutionNode = FALSE
	EndGlobalSection
	GlobalSection(ExtensibilityGlobals) = postSolution
		SolutionGuid = {F105D6C9-5F26-42DD-A8F6-A1A5CD8011D2}
	EndGlobalSection
EndGlobal
